// !$*UTF8*$!
{
	archiveVersion = 1;
	classes = {
	};
	objectVersion = 50;
	objects = {

/* Begin PBXBuildFile section */
		9DCE282B21E7D55D0036D1A2 /* AppDelegate.swift in Sources */ = {isa = PBXBuildFile; fileRef = 9DCE282A21E7D55D0036D1A2 /* AppDelegate.swift */; };
		9DCE282D21E7D55D0036D1A2 /* ViewController.swift in Sources */ = {isa = PBXBuildFile; fileRef = 9DCE282C21E7D55D0036D1A2 /* ViewController.swift */; };
		9DCE283021E7D55D0036D1A2 /* Main.storyboard in Resources */ = {isa = PBXBuildFile; fileRef = 9DCE282E21E7D55D0036D1A2 /* Main.storyboard */; };
		9DCE283221E7D55E0036D1A2 /* Assets.xcassets in Resources */ = {isa = PBXBuildFile; fileRef = 9DCE283121E7D55E0036D1A2 /* Assets.xcassets */; };
		9DCE283521E7D55E0036D1A2 /* LaunchScreen.storyboard in Resources */ = {isa = PBXBuildFile; fileRef = 9DCE283321E7D55E0036D1A2 /* LaunchScreen.storyboard */; };
		9DCE284021E7D55E0036D1A2 /* HelloiOSTests.swift in Sources */ = {isa = PBXBuildFile; fileRef = 9DCE283F21E7D55E0036D1A2 /* HelloiOSTests.swift */; };
		9DCE284B21E7D55E0036D1A2 /* HelloiOSUITests.swift in Sources */ = {isa = PBXBuildFile; fileRef = 9DCE284A21E7D55E0036D1A2 /* HelloiOSUITests.swift */; };
/* End PBXBuildFile section */

/* Begin PBXContainerItemProxy section */
		9DCE283C21E7D55E0036D1A2 /* PBXContainerItemProxy */ = {
			isa = PBXContainerItemProxy;
			containerPortal = 9DCE281F21E7D55D0036D1A2 /* Project object */;
			proxyType = 1;
			remoteGlobalIDString = 9DCE282621E7D55D0036D1A2;
			remoteInfo = HelloiOS;
		};
		9DCE284721E7D55E0036D1A2 /* PBXContainerItemProxy */ = {
			isa = PBXContainerItemProxy;
			containerPortal = 9DCE281F21E7D55D0036D1A2 /* Project object */;
			proxyType = 1;
			remoteGlobalIDString = 9DCE282621E7D55D0036D1A2;
			remoteInfo = HelloiOS;
		};
/* End PBXContainerItemProxy section */

/* Begin PBXFileReference section */
		9DCE282721E7D55D0036D1A2 /* HelloiOS.app */ = {isa = PBXFileReference; explicitFileType = wrapper.application; includeInIndex = 0; path = HelloiOS.app; sourceTree = BUILT_PRODUCTS_DIR; };
		9DCE282A21E7D55D0036D1A2 /* AppDelegate.swift */ = {isa = PBXFileReference; lastKnownFileType = sourcecode.swift; path = AppDelegate.swift; sourceTree = "<group>"; };
		9DCE282C21E7D55D0036D1A2 /* ViewController.swift */ = {isa = PBXFileReference; lastKnownFileType = sourcecode.swift; path = ViewController.swift; sourceTree = "<group>"; };
		9DCE282F21E7D55D0036D1A2 /* Base */ = {isa = PBXFileReference; lastKnownFileType = file.storyboard; name = Base; path = Base.lproj/Main.storyboard; sourceTree = "<group>"; };
		9DCE283121E7D55E0036D1A2 /* Assets.xcassets */ = {isa = PBXFileReference; lastKnownFileType = folder.assetcatalog; path = Assets.xcassets; sourceTree = "<group>"; };
		9DCE283421E7D55E0036D1A2 /* Base */ = {isa = PBXFileReference; lastKnownFileType = file.storyboard; name = Base; path = Base.lproj/LaunchScreen.storyboard; sourceTree = "<group>"; };
		9DCE283621E7D55E0036D1A2 /* Info.plist */ = {isa = PBXFileReference; lastKnownFileType = text.plist.xml; path = Info.plist; sourceTree = "<group>"; };
		9DCE283B21E7D55E0036D1A2 /* HelloiOSTests.xctest */ = {isa = PBXFileReference; explicitFileType = wrapper.cfbundle; includeInIndex = 0; path = HelloiOSTests.xctest; sourceTree = BUILT_PRODUCTS_DIR; };
		9DCE283F21E7D55E0036D1A2 /* HelloiOSTests.swift */ = {isa = PBXFileReference; lastKnownFileType = sourcecode.swift; path = HelloiOSTests.swift; sourceTree = "<group>"; };
		9DCE284121E7D55E0036D1A2 /* Info.plist */ = {isa = PBXFileReference; lastKnownFileType = text.plist.xml; path = Info.plist; sourceTree = "<group>"; };
		9DCE284621E7D55E0036D1A2 /* HelloiOSUITests.xctest */ = {isa = PBXFileReference; explicitFileType = wrapper.cfbundle; includeInIndex = 0; path = HelloiOSUITests.xctest; sourceTree = BUILT_PRODUCTS_DIR; };
		9DCE284A21E7D55E0036D1A2 /* HelloiOSUITests.swift */ = {isa = PBXFileReference; lastKnownFileType = sourcecode.swift; path = HelloiOSUITests.swift; sourceTree = "<group>"; };
		9DCE284C21E7D55E0036D1A2 /* Info.plist */ = {isa = PBXFileReference; lastKnownFileType = text.plist.xml; path = Info.plist; sourceTree = "<group>"; };
/* End PBXFileReference section */

/* Begin PBXFrameworksBuildPhase section */
		9DCE282421E7D55D0036D1A2 /* Frameworks */ = {
			isa = PBXFrameworksBuildPhase;
			buildActionMask = 2147483647;
			files = (
			);
			runOnlyForDeploymentPostprocessing = 0;
		};
		9DCE283821E7D55E0036D1A2 /* Frameworks */ = {
			isa = PBXFrameworksBuildPhase;
			buildActionMask = 2147483647;
			files = (
			);
			runOnlyForDeploymentPostprocessing = 0;
		};
		9DCE284321E7D55E0036D1A2 /* Frameworks */ = {
			isa = PBXFrameworksBuildPhase;
			buildActionMask = 2147483647;
			files = (
			);
			runOnlyForDeploymentPostprocessing = 0;
		};
/* End PBXFrameworksBuildPhase section */

/* Begin PBXGroup section */
		9DCE281E21E7D55D0036D1A2 = {
			isa = PBXGroup;
			children = (
				9DCE282921E7D55D0036D1A2 /* HelloiOS */,
				9DCE283E21E7D55E0036D1A2 /* HelloiOSTests */,
				9DCE284921E7D55E0036D1A2 /* HelloiOSUITests */,
				9DCE282821E7D55D0036D1A2 /* Products */,
			);
			sourceTree = "<group>";
		};
		9DCE282821E7D55D0036D1A2 /* Products */ = {
			isa = PBXGroup;
			children = (
				9DCE282721E7D55D0036D1A2 /* HelloiOS.app */,
				9DCE283B21E7D55E0036D1A2 /* HelloiOSTests.xctest */,
				9DCE284621E7D55E0036D1A2 /* HelloiOSUITests.xctest */,
			);
			name = Products;
			sourceTree = "<group>";
		};
		9DCE282921E7D55D0036D1A2 /* HelloiOS */ = {
			isa = PBXGroup;
			children = (
				9DCE282A21E7D55D0036D1A2 /* AppDelegate.swift */,
				9DCE282C21E7D55D0036D1A2 /* ViewController.swift */,
				9DCE282E21E7D55D0036D1A2 /* Main.storyboard */,
				9DCE283121E7D55E0036D1A2 /* Assets.xcassets */,
				9DCE283321E7D55E0036D1A2 /* LaunchScreen.storyboard */,
				9DCE283621E7D55E0036D1A2 /* Info.plist */,
			);
			path = HelloiOS;
			sourceTree = "<group>";
		};
		9DCE283E21E7D55E0036D1A2 /* HelloiOSTests */ = {
			isa = PBXGroup;
			children = (
				9DCE283F21E7D55E0036D1A2 /* HelloiOSTests.swift */,
				9DCE284121E7D55E0036D1A2 /* Info.plist */,
			);
			path = HelloiOSTests;
			sourceTree = "<group>";
		};
		9DCE284921E7D55E0036D1A2 /* HelloiOSUITests */ = {
			isa = PBXGroup;
			children = (
				9DCE284A21E7D55E0036D1A2 /* HelloiOSUITests.swift */,
				9DCE284C21E7D55E0036D1A2 /* Info.plist */,
			);
			path = HelloiOSUITests;
			sourceTree = "<group>";
		};
/* End PBXGroup section */

/* Begin PBXNativeTarget section */
		9DCE282621E7D55D0036D1A2 /* HelloiOS */ = {
			isa = PBXNativeTarget;
			buildConfigurationList = 9DCE284F21E7D55E0036D1A2 /* Build configuration list for PBXNativeTarget "HelloiOS" */;
			buildPhases = (
				9DCE282321E7D55D0036D1A2 /* Sources */,
				9DCE282421E7D55D0036D1A2 /* Frameworks */,
				9DCE282521E7D55D0036D1A2 /* Resources */,
			);
			buildRules = (
			);
			dependencies = (
			);
			name = HelloiOS;
			productName = HelloiOS;
			productReference = 9DCE282721E7D55D0036D1A2 /* HelloiOS.app */;
			productType = "com.apple.product-type.application";
		};
		9DCE283A21E7D55E0036D1A2 /* HelloiOSTests */ = {
			isa = PBXNativeTarget;
			buildConfigurationList = 9DCE285221E7D55E0036D1A2 /* Build configuration list for PBXNativeTarget "HelloiOSTests" */;
			buildPhases = (
				9DCE283721E7D55E0036D1A2 /* Sources */,
				9DCE283821E7D55E0036D1A2 /* Frameworks */,
				9DCE283921E7D55E0036D1A2 /* Resources */,
			);
			buildRules = (
			);
			dependencies = (
				9DCE283D21E7D55E0036D1A2 /* PBXTargetDependency */,
			);
			name = HelloiOSTests;
			productName = HelloiOSTests;
			productReference = 9DCE283B21E7D55E0036D1A2 /* HelloiOSTests.xctest */;
			productType = "com.apple.product-type.bundle.unit-test";
		};
		9DCE284521E7D55E0036D1A2 /* HelloiOSUITests */ = {
			isa = PBXNativeTarget;
			buildConfigurationList = 9DCE285521E7D55E0036D1A2 /* Build configuration list for PBXNativeTarget "HelloiOSUITests" */;
			buildPhases = (
				9DCE284221E7D55E0036D1A2 /* Sources */,
				9DCE284321E7D55E0036D1A2 /* Frameworks */,
				9DCE284421E7D55E0036D1A2 /* Resources */,
			);
			buildRules = (
			);
			dependencies = (
				9DCE284821E7D55E0036D1A2 /* PBXTargetDependency */,
			);
			name = HelloiOSUITests;
			productName = HelloiOSUITests;
			productReference = 9DCE284621E7D55E0036D1A2 /* HelloiOSUITests.xctest */;
			productType = "com.apple.product-type.bundle.ui-testing";
		};
/* End PBXNativeTarget section */

/* Begin PBXProject section */
		9DCE281F21E7D55D0036D1A2 /* Project object */ = {
			isa = PBXProject;
			attributes = {
				LastSwiftUpdateCheck = 1010;
				LastUpgradeCheck = 1010;
				ORGANIZATIONNAME = iGuest;
				TargetAttributes = {
					9DCE282621E7D55D0036D1A2 = {
						CreatedOnToolsVersion = 10.1;
					};
					9DCE283A21E7D55E0036D1A2 = {
						CreatedOnToolsVersion = 10.1;
						TestTargetID = 9DCE282621E7D55D0036D1A2;
					};
					9DCE284521E7D55E0036D1A2 = {
						CreatedOnToolsVersion = 10.1;
						TestTargetID = 9DCE282621E7D55D0036D1A2;
					};
				};
			};
			buildConfigurationList = 9DCE282221E7D55D0036D1A2 /* Build configuration list for PBXProject "HelloiOS" */;
			compatibilityVersion = "Xcode 9.3";
			developmentRegion = en;
			hasScannedForEncodings = 0;
			knownRegions = (
				en,
				Base,
			);
			mainGroup = 9DCE281E21E7D55D0036D1A2;
			productRefGroup = 9DCE282821E7D55D0036D1A2 /* Products */;
			projectDirPath = "";
			projectRoot = "";
			targets = (
				9DCE282621E7D55D0036D1A2 /* HelloiOS */,
				9DCE283A21E7D55E0036D1A2 /* HelloiOSTests */,
				9DCE284521E7D55E0036D1A2 /* HelloiOSUITests */,
			);
		};
/* End PBXProject section */

/* Begin PBXResourcesBuildPhase section */
		9DCE282521E7D55D0036D1A2 /* Resources */ = {
			isa = PBXResourcesBuildPhase;
			buildActionMask = 2147483647;
			files = (
				9DCE283521E7D55E0036D1A2 /* LaunchScreen.storyboard in Resources */,
				9DCE283221E7D55E0036D1A2 /* Assets.xcassets in Resources */,
				9DCE283021E7D55D0036D1A2 /* Main.storyboard in Resources */,
			);
			runOnlyForDeploymentPostprocessing = 0;
		};
		9DCE283921E7D55E0036D1A2 /* Resources */ = {
			isa = PBXResourcesBuildPhase;
			buildActionMask = 2147483647;
			files = (
			);
			runOnlyForDeploymentPostprocessing = 0;
		};
		9DCE284421E7D55E0036D1A2 /* Resources */ = {
			isa = PBXResourcesBuildPhase;
			buildActionMask = 2147483647;
			files = (
			);
			runOnlyForDeploymentPostprocessing = 0;
		};
/* End PBXResourcesBuildPhase section */

/* Begin PBXSourcesBuildPhase section */
		9DCE282321E7D55D0036D1A2 /* Sources */ = {
			isa = PBXSourcesBuildPhase;
			buildActionMask = 2147483647;
			files = (
				9DCE282D21E7D55D0036D1A2 /* ViewController.swift in Sources */,
				9DCE282B21E7D55D0036D1A2 /* AppDelegate.swift in Sources */,
			);
			runOnlyForDeploymentPostprocessing = 0;
		};
		9DCE283721E7D55E0036D1A2 /* Sources */ = {
			isa = PBXSourcesBuildPhase;
			buildActionMask = 2147483647;
			files = (
				9DCE284021E7D55E0036D1A2 /* HelloiOSTests.swift in Sources */,
			);
			runOnlyForDeploymentPostprocessing = 0;
		};
		9DCE284221E7D55E0036D1A2 /* Sources */ = {
			isa = PBXSourcesBuildPhase;
			buildActionMask = 2147483647;
			files = (
				9DCE284B21E7D55E0036D1A2 /* HelloiOSUITests.swift in Sources */,
			);
			runOnlyForDeploymentPostprocessing = 0;
		};
/* End PBXSourcesBuildPhase section */

/* Begin PBXTargetDependency section */
		9DCE283D21E7D55E0036D1A2 /* PBXTargetDependency */ = {
			isa = PBXTargetDependency;
			target = 9DCE282621E7D55D0036D1A2 /* HelloiOS */;
			targetProxy = 9DCE283C21E7D55E0036D1A2 /* PBXContainerItemProxy */;
		};
		9DCE284821E7D55E0036D1A2 /* PBXTargetDependency */ = {
			isa = PBXTargetDependency;
			target = 9DCE282621E7D55D0036D1A2 /* HelloiOS */;
			targetProxy = 9DCE284721E7D55E0036D1A2 /* PBXContainerItemProxy */;
		};
/* End PBXTargetDependency section */

/* Begin PBXVariantGroup section */
		9DCE282E21E7D55D0036D1A2 /* Main.storyboard */ = {
			isa = PBXVariantGroup;
			children = (
				9DCE282F21E7D55D0036D1A2 /* Base */,
			);
			name = Main.storyboard;
			sourceTree = "<group>";
		};
		9DCE283321E7D55E0036D1A2 /* LaunchScreen.storyboard */ = {
			isa = PBXVariantGroup;
			children = (
				9DCE283421E7D55E0036D1A2 /* Base */,
			);
			name = LaunchScreen.storyboard;
			sourceTree = "<group>";
		};
/* End PBXVariantGroup section */

/* Begin XCBuildConfiguration section */
		9DCE284D21E7D55E0036D1A2 /* Debug */ = {
			isa = XCBuildConfiguration;
			buildSettings = {
				ALWAYS_SEARCH_USER_PATHS = NO;
				CLANG_ANALYZER_NONNULL = YES;
				CLANG_ANALYZER_NUMBER_OBJECT_CONVERSION = YES_AGGRESSIVE;
				CLANG_CXX_LANGUAGE_STANDARD = "gnu++14";
				CLANG_CXX_LIBRARY = "libc++";
				CLANG_ENABLE_MODULES = YES;
				CLANG_ENABLE_OBJC_ARC = YES;
				CLANG_ENABLE_OBJC_WEAK = YES;
				CLANG_WARN_BLOCK_CAPTURE_AUTORELEASING = YES;
				CLANG_WARN_BOOL_CONVERSION = YES;
				CLANG_WARN_COMMA = YES;
				CLANG_WARN_CONSTANT_CONVERSION = YES;
				CLANG_WARN_DEPRECATED_OBJC_IMPLEMENTATIONS = YES;
				CLANG_WARN_DIRECT_OBJC_ISA_USAGE = YES_ERROR;
				CLANG_WARN_DOCUMENTATION_COMMENTS = YES;
				CLANG_WARN_EMPTY_BODY = YES;
				CLANG_WARN_ENUM_CONVERSION = YES;
				CLANG_WARN_INFINITE_RECURSION = YES;
				CLANG_WARN_INT_CONVERSION = YES;
				CLANG_WARN_NON_LITERAL_NULL_CONVERSION = YES;
				CLANG_WARN_OBJC_IMPLICIT_RETAIN_SELF = YES;
				CLANG_WARN_OBJC_LITERAL_CONVERSION = YES;
				CLANG_WARN_OBJC_ROOT_CLASS = YES_ERROR;
				CLANG_WARN_RANGE_LOOP_ANALYSIS = YES;
				CLANG_WARN_STRICT_PROTOTYPES = YES;
				CLANG_WARN_SUSPICIOUS_MOVE = YES;
				CLANG_WARN_UNGUARDED_AVAILABILITY = YES_AGGRESSIVE;
				CLANG_WARN_UNREACHABLE_CODE = YES;
				CLANG_WARN__DUPLICATE_METHOD_MATCH = YES;
				CODE_SIGN_IDENTITY = "iPhone Developer";
				COPY_PHASE_STRIP = NO;
				DEBUG_INFORMATION_FORMAT = dwarf;
				ENABLE_STRICT_OBJC_MSGSEND = YES;
				ENABLE_TESTABILITY = YES;
				GCC_C_LANGUAGE_STANDARD = gnu11;
				GCC_DYNAMIC_NO_PIC = NO;
				GCC_NO_COMMON_BLOCKS = YES;
				GCC_OPTIMIZATION_LEVEL = 0;
				GCC_PREPROCESSOR_DEFINITIONS = (
					"DEBUG=1",
					"$(inherited)",
				);
				GCC_WARN_64_TO_32_BIT_CONVERSION = YES;
				GCC_WARN_ABOUT_RETURN_TYPE = YES_ERROR;
				GCC_WARN_UNDECLARED_SELECTOR = YES;
				GCC_WARN_UNINITIALIZED_AUTOS = YES_AGGRESSIVE;
				GCC_WARN_UNUSED_FUNCTION = YES;
				GCC_WARN_UNUSED_VARIABLE = YES;
				IPHONEOS_DEPLOYMENT_TARGET = 12.1;
				MTL_ENABLE_DEBUG_INFO = INCLUDE_SOURCE;
				MTL_FAST_MATH = YES;
				ONLY_ACTIVE_ARCH = YES;
				SDKROOT = iphoneos;
				SWIFT_ACTIVE_COMPILATION_CONDITIONS = DEBUG;
				SWIFT_OPTIMIZATION_LEVEL = "-Onone";
			};
			name = Debug;
		};
		9DCE284E21E7D55E0036D1A2 /* Release */ = {
			isa = XCBuildConfiguration;
			buildSettings = {
				ALWAYS_SEARCH_USER_PATHS = NO;
				CLANG_ANALYZER_NONNULL = YES;
				CLANG_ANALYZER_NUMBER_OBJECT_CONVERSION = YES_AGGRESSIVE;
				CLANG_CXX_LANGUAGE_STANDARD = "gnu++14";
				CLANG_CXX_LIBRARY = "libc++";
				CLANG_ENABLE_MODULES = YES;
				CLANG_ENABLE_OBJC_ARC = YES;
				CLANG_ENABLE_OBJC_WEAK = YES;
				CLANG_WARN_BLOCK_CAPTURE_AUTORELEASING = YES;
				CLANG_WARN_BOOL_CONVERSION = YES;
				CLANG_WARN_COMMA = YES;
				CLANG_WARN_CONSTANT_CONVERSION = YES;
				CLANG_WARN_DEPRECATED_OBJC_IMPLEMENTATIONS = YES;
				CLANG_WARN_DIRECT_OBJC_ISA_USAGE = YES_ERROR;
				CLANG_WARN_DOCUMENTATION_COMMENTS = YES;
				CLANG_WARN_EMPTY_BODY = YES;
				CLANG_WARN_ENUM_CONVERSION = YES;
				CLANG_WARN_INFINITE_RECURSION = YES;
				CLANG_WARN_INT_CONVERSION = YES;
				CLANG_WARN_NON_LITERAL_NULL_CONVERSION = YES;
				CLANG_WARN_OBJC_IMPLICIT_RETAIN_SELF = YES;
				CLANG_WARN_OBJC_LITERAL_CONVERSION = YES;
				CLANG_WARN_OBJC_ROOT_CLASS = YES_ERROR;
				CLANG_WARN_RANGE_LOOP_ANALYSIS = YES;
				CLANG_WARN_STRICT_PROTOTYPES = YES;
				CLANG_WARN_SUSPICIOUS_MOVE = YES;
				CLANG_WARN_UNGUARDED_AVAILABILITY = YES_AGGRESSIVE;
				CLANG_WARN_UNREACHABLE_CODE = YES;
				CLANG_WARN__DUPLICATE_METHOD_MATCH = YES;
				CODE_SIGN_IDENTITY = "iPhone Developer";
				COPY_PHASE_STRIP = NO;
				DEBUG_INFORMATION_FORMAT = "dwarf-with-dsym";
				ENABLE_NS_ASSERTIONS = NO;
				ENABLE_STRICT_OBJC_MSGSEND = YES;
				GCC_C_LANGUAGE_STANDARD = gnu11;
				GCC_NO_COMMON_BLOCKS = YES;
				GCC_WARN_64_TO_32_BIT_CONVERSION = YES;
				GCC_WARN_ABOUT_RETURN_TYPE = YES_ERROR;
				GCC_WARN_UNDECLARED_SELECTOR = YES;
				GCC_WARN_UNINITIALIZED_AUTOS = YES_AGGRESSIVE;
				GCC_WARN_UNUSED_FUNCTION = YES;
				GCC_WARN_UNUSED_VARIABLE = YES;
				IPHONEOS_DEPLOYMENT_TARGET = 12.1;
				MTL_ENABLE_DEBUG_INFO = NO;
				MTL_FAST_MATH = YES;
				SDKROOT = iphoneos;
				SWIFT_COMPILATION_MODE = wholemodule;
				SWIFT_OPTIMIZATION_LEVEL = "-O";
				VALIDATE_PRODUCT = YES;
			};
			name = Release;
		};
		9DCE285021E7D55E0036D1A2 /* Debug */ = {
			isa = XCBuildConfiguration;
			buildSettings = {
				ASSETCATALOG_COMPILER_APPICON_NAME = AppIcon;
				CODE_SIGN_STYLE = Automatic;
				INFOPLIST_FILE = HelloiOS/Info.plist;
				LD_RUNPATH_SEARCH_PATHS = (
					"$(inherited)",
					"@executable_path/Frameworks",
				);
				PRODUCT_BUNDLE_IDENTIFIER = HelloiOS.HelloiOS;
				PRODUCT_NAME = "$(TARGET_NAME)";
				SWIFT_VERSION = 4.2;
				TARGETED_DEVICE_FAMILY = "1,2";
			};
			name = Debug;
		};
		9DCE285121E7D55E0036D1A2 /* Release */ = {
			isa = XCBuildConfiguration;
			buildSettings = {
				ASSETCATALOG_COMPILER_APPICON_NAME = AppIcon;
				CODE_SIGN_STYLE = Automatic;
				INFOPLIST_FILE = HelloiOS/Info.plist;
				LD_RUNPATH_SEARCH_PATHS = (
					"$(inherited)",
					"@executable_path/Frameworks",
				);
				PRODUCT_BUNDLE_IDENTIFIER = HelloiOS.HelloiOS;
				PRODUCT_NAME = "$(TARGET_NAME)";
				SWIFT_VERSION = 4.2;
				TARGETED_DEVICE_FAMILY = "1,2";
			};
			name = Release;
		};
		9DCE285321E7D55E0036D1A2 /* Debug */ = {
			isa = XCBuildConfiguration;
			buildSettings = {
				ALWAYS_EMBED_SWIFT_STANDARD_LIBRARIES = YES;
				BUNDLE_LOADER = "$(TEST_HOST)";
				CODE_SIGN_STYLE = Automatic;
				INFOPLIST_FILE = HelloiOSTests/Info.plist;
				LD_RUNPATH_SEARCH_PATHS = (
					"$(inherited)",
					"@executable_path/Frameworks",
					"@loader_path/Frameworks",
				);
				PRODUCT_BUNDLE_IDENTIFIER = HelloiOS.HelloiOSTests;
				PRODUCT_NAME = "$(TARGET_NAME)";
				SWIFT_VERSION = 4.2;
				TARGETED_DEVICE_FAMILY = "1,2";
				TEST_HOST = "$(BUILT_PRODUCTS_DIR)/HelloiOS.app/HelloiOS";
			};
			name = Debug;
		};
		9DCE285421E7D55E0036D1A2 /* Release */ = {
			isa = XCBuildConfiguration;
			buildSettings = {
				ALWAYS_EMBED_SWIFT_STANDARD_LIBRARIES = YES;
				BUNDLE_LOADER = "$(TEST_HOST)";
				CODE_SIGN_STYLE = Automatic;
				INFOPLIST_FILE = HelloiOSTests/Info.plist;
				LD_RUNPATH_SEARCH_PATHS = (
					"$(inherited)",
					"@executable_path/Frameworks",
					"@loader_path/Frameworks",
				);
				PRODUCT_BUNDLE_IDENTIFIER = HelloiOS.HelloiOSTests;
				PRODUCT_NAME = "$(TARGET_NAME)";
				SWIFT_VERSION = 4.2;
				TARGETED_DEVICE_FAMILY = "1,2";
				TEST_HOST = "$(BUILT_PRODUCTS_DIR)/HelloiOS.app/HelloiOS";
			};
			name = Release;
		};
		9DCE285621E7D55E0036D1A2 /* Debug */ = {
			isa = XCBuildConfiguration;
			buildSettings = {
				ALWAYS_EMBED_SWIFT_STANDARD_LIBRARIES = YES;
				CODE_SIGN_STYLE = Automatic;
				INFOPLIST_FILE = HelloiOSUITests/Info.plist;
				LD_RUNPATH_SEARCH_PATHS = (
					"$(inherited)",
					"@executable_path/Frameworks",
					"@loader_path/Frameworks",
				);
				PRODUCT_BUNDLE_IDENTIFIER = HelloiOS.HelloiOSUITests;
				PRODUCT_NAME = "$(TARGET_NAME)";
				SWIFT_VERSION = 4.2;
				TARGETED_DEVICE_FAMILY = "1,2";
				TEST_TARGET_NAME = HelloiOS;
			};
			name = Debug;
		};
		9DCE285721E7D55E0036D1A2 /* Release */ = {
			isa = XCBuildConfiguration;
			buildSettings = {
				ALWAYS_EMBED_SWIFT_STANDARD_LIBRARIES = YES;
				CODE_SIGN_STYLE = Automatic;
				INFOPLIST_FILE = HelloiOSUITests/Info.plist;
				LD_RUNPATH_SEARCH_PATHS = (
					"$(inherited)",
					"@executable_path/Frameworks",
					"@loader_path/Frameworks",
				);
				PRODUCT_BUNDLE_IDENTIFIER = HelloiOS.HelloiOSUITests;
				PRODUCT_NAME = "$(TARGET_NAME)";
				SWIFT_VERSION = 4.2;
				TARGETED_DEVICE_FAMILY = "1,2";
				TEST_TARGET_NAME = HelloiOS;
			};
			name = Release;
		};
/* End XCBuildConfiguration section */

/* Begin XCConfigurationList section */
		9DCE282221E7D55D0036D1A2 /* Build configuration list for PBXProject "HelloiOS" */ = {
			isa = XCConfigurationList;
			buildConfigurations = (
				9DCE284D21E7D55E0036D1A2 /* Debug */,
				9DCE284E21E7D55E0036D1A2 /* Release */,
			);
			defaultConfigurationIsVisible = 0;
			defaultConfigurationName = Release;
		};
		9DCE284F21E7D55E0036D1A2 /* Build configuration list for PBXNativeTarget "HelloiOS" */ = {
			isa = XCConfigurationList;
			buildConfigurations = (
				9DCE285021E7D55E0036D1A2 /* Debug */,
				9DCE285121E7D55E0036D1A2 /* Release */,
			);
			defaultConfigurationIsVisible = 0;
			defaultConfigurationName = Release;
		};
		9DCE285221E7D55E0036D1A2 /* Build configuration list for PBXNativeTarget "HelloiOSTests" */ = {
			isa = XCConfigurationList;
			buildConfigurations = (
				9DCE285321E7D55E0036D1A2 /* Debug */,
				9DCE285421E7D55E0036D1A2 /* Release */,
			);
			defaultConfigurationIsVisible = 0;
			defaultConfigurationName = Release;
		};
		9DCE285521E7D55E0036D1A2 /* Build configuration list for PBXNativeTarget "HelloiOSUITests" */ = {
			isa = XCConfigurationList;
			buildConfigurations = (
				9DCE285621E7D55E0036D1A2 /* Debug */,
				9DCE285721E7D55E0036D1A2 /* Release */,
			);
			defaultConfigurationIsVisible = 0;
			defaultConfigurationName = Release;
		};
/* End XCConfigurationList section */
	};
	rootObject = 9DCE281F21E7D55D0036D1A2 /* Project object */;
}
